
Microsoft Visual Studio Solution File, Format Version 12.00
# Visual Studio Version 17
VisualStudioVersion = 17.2.32630.192
MinimumVisualStudioVersion = 10.0.40219.1
Project("{FAE04EC0-301F-11D3-BF4B-00C04F79EFBC}") = "Metodlar", "Metodlar\Metodlar.csproj", "{5FD12286-5AB3-4DBA-BAE5-66274BF6D180}"
EndProject
Project("{FAE04EC0-301F-11D3-BF4B-00C04F79EFBC}") = "math", "math\math.csproj", "{9EA22BB8-5930-4994-8675-095C58F3D9C7}"
EndProject
Project("{FAE04EC0-301F-11D3-BF4B-00C04F79EFBC}") = "ValueAndReferanceTypes", "ValueAndReferanceTypes\ValueAndReferanceTypes.csproj", "{73AB7B17-7B8D-40DA-A0A6-80493DE2032C}"
EndProject
Global
	GlobalSection(SolutionConfigurationPlatforms) = preSolution
		Debug|Any CPU = Debug|Any CPU
		Release|Any CPU = Release|Any CPU
	EndGlobalSection
	GlobalSection(ProjectConfigurationPlatforms) = postSolution
		{5FD12286-5AB3-4DBA-BAE5-66274BF6D180}.Debug|Any CPU.ActiveCfg = Debug|Any CPU
		{5FD12286-5AB3-4DBA-BAE5-66274BF6D180}.Debug|Any CPU.Build.0 = Debug|Any CPU
		{5FD12286-5AB3-4DBA-BAE5-66274BF6D180}.Release|Any CPU.ActiveCfg = Release|Any CPU
		{5FD12286-5AB3-4DBA-BAE5-66274BF6D180}.Release|Any CPU.Build.0 = Release|Any CPU
		{9EA22BB8-5930-4994-8675-095C58F3D9C7}.Debug|Any CPU.ActiveCfg = Debug|Any CPU
		{9EA22BB8-5930-4994-8675-095C58F3D9C7}.Debug|Any CPU.Build.0 = Debug|Any CPU
		{9EA22BB8-5930-4994-8675-095C58F3D9C7}.Release|Any CPU.ActiveCfg = Release|Any CPU
		{9EA22BB8-5930-4994-8675-095C58F3D9C7}.Release|Any CPU.Build.0 = Release|Any CPU
		{73AB7B17-7B8D-40DA-A0A6-80493DE2032C}.Debug|Any CPU.ActiveCfg = Debug|Any CPU
		{73AB7B17-7B8D-40DA-A0A6-80493DE2032C}.Debug|Any CPU.Build.0 = Debug|Any CPU
		{73AB7B17-7B8D-40DA-A0A6-80493DE2032C}.Release|Any CPU.ActiveCfg = Release|Any CPU
		{73AB7B17-7B8D-40DA-A0A6-80493DE2032C}.Release|Any CPU.Build.0 = Release|Any CPU
	EndGlobalSection
	GlobalSection(SolutionProperties) = preSolution
		HideSolutionNode = FALSE
	EndGlobalSection
	GlobalSection(ExtensibilityGlobals) = postSolution
		SolutionGuid = {103F1BB3-341F-4C62-9170-5C86E1B9D866}
	EndGlobalSection
EndGlobal
